
Microsoft Visual Studio Solution File, Format Version 12.00
# Visual Studio Version 16
VisualStudioVersion = 16.0.30011.22
MinimumVisualStudioVersion = 15.0.26124.0
Project("{2150E333-8FDC-42A3-9474-1A3956D46DE8}") = "Solution Items", "Solution Items", "{A59A914D-AFE7-4A6F-ABF5-B2B437B33982}"
	ProjectSection(SolutionItems) = preProject
		.editorconfig = .editorconfig
		.gitignore = .gitignore
		.azure\pipelines\ci.yml = .azure\pipelines\ci.yml
		Directory.Build.props = Directory.Build.props
		Local.runsettings = Local.runsettings
		.azure\pipelines\pkg.yml = .azure\pipelines\pkg.yml
		README.md = README.md
	EndProjectSection
EndProject
Project("{9A19103F-16F7-4668-BE54-9A1E7A4F7556}") = "Emby.Abstractions", "src\Emby.Abstractions\Emby.Abstractions.csproj", "{AEFA9BD3-59E3-4BBE-922F-DB5B957E4F80}"
EndProject
Project("{9A19103F-16F7-4668-BE54-9A1E7A4F7556}") = "Emby.Client", "src\Emby.Client\Emby.Client.csproj", "{5F1EE5BD-866E-444D-9D9E-7ED84E8006AC}"
EndProject
Project("{9A19103F-16F7-4668-BE54-9A1E7A4F7556}") = "Emby.Client.IntegrationTests", "test\Emby.Client.IntegrationTests\Emby.Client.IntegrationTests.csproj", "{53489890-8F7C-49FD-B17B-444B0F637DD0}"
EndProject
Project("{FAE04EC0-301F-11D3-BF4B-00C04F79EFBC}") = "Emby.Client.UnitTests", "test\Emby.Client.UnitTests\Emby.Client.UnitTests.csproj", "{A922C339-47BF-4D04-B619-CAB9E162AF56}"
EndProject
Global
	GlobalSection(SolutionConfigurationPlatforms) = preSolution
		Debug|Any CPU = Debug|Any CPU
		Debug|x64 = Debug|x64
		Debug|x86 = Debug|x86
		Release|Any CPU = Release|Any CPU
		Release|x64 = Release|x64
		Release|x86 = Release|x86
	EndGlobalSection
	GlobalSection(ProjectConfigurationPlatforms) = postSolution
		{AEFA9BD3-59E3-4BBE-922F-DB5B957E4F80}.Debug|Any CPU.ActiveCfg = Debug|Any CPU
		{AEFA9BD3-59E3-4BBE-922F-DB5B957E4F80}.Debug|Any CPU.Build.0 = Debug|Any CPU
		{AEFA9BD3-59E3-4BBE-922F-DB5B957E4F80}.Debug|x64.ActiveCfg = Debug|Any CPU
		{AEFA9BD3-59E3-4BBE-922F-DB5B957E4F80}.Debug|x64.Build.0 = Debug|Any CPU
		{AEFA9BD3-59E3-4BBE-922F-DB5B957E4F80}.Debug|x86.ActiveCfg = Debug|Any CPU
		{AEFA9BD3-59E3-4BBE-922F-DB5B957E4F80}.Debug|x86.Build.0 = Debug|Any CPU
		{AEFA9BD3-59E3-4BBE-922F-DB5B957E4F80}.Release|Any CPU.ActiveCfg = Release|Any CPU
		{AEFA9BD3-59E3-4BBE-922F-DB5B957E4F80}.Release|Any CPU.Build.0 = Release|Any CPU
		{AEFA9BD3-59E3-4BBE-922F-DB5B957E4F80}.Release|x64.ActiveCfg = Release|Any CPU
		{AEFA9BD3-59E3-4BBE-922F-DB5B957E4F80}.Release|x64.Build.0 = Release|Any CPU
		{AEFA9BD3-59E3-4BBE-922F-DB5B957E4F80}.Release|x86.ActiveCfg = Release|Any CPU
		{AEFA9BD3-59E3-4BBE-922F-DB5B957E4F80}.Release|x86.Build.0 = Release|Any CPU
		{5F1EE5BD-866E-444D-9D9E-7ED84E8006AC}.Debug|Any CPU.ActiveCfg = Debug|Any CPU
		{5F1EE5BD-866E-444D-9D9E-7ED84E8006AC}.Debug|Any CPU.Build.0 = Debug|Any CPU
		{5F1EE5BD-866E-444D-9D9E-7ED84E8006AC}.Debug|x64.ActiveCfg = Debug|Any CPU
		{5F1EE5BD-866E-444D-9D9E-7ED84E8006AC}.Debug|x64.Build.0 = Debug|Any CPU
		{5F1EE5BD-866E-444D-9D9E-7ED84E8006AC}.Debug|x86.ActiveCfg = Debug|Any CPU
		{5F1EE5BD-866E-444D-9D9E-7ED84E8006AC}.Debug|x86.Build.0 = Debug|Any CPU
		{5F1EE5BD-866E-444D-9D9E-7ED84E8006AC}.Release|Any CPU.ActiveCfg = Release|Any CPU
		{5F1EE5BD-866E-444D-9D9E-7ED84E8006AC}.Release|Any CPU.Build.0 = Release|Any CPU
		{5F1EE5BD-866E-444D-9D9E-7ED84E8006AC}.Release|x64.ActiveCfg = Release|Any CPU
		{5F1EE5BD-866E-444D-9D9E-7ED84E8006AC}.Release|x64.Build.0 = Release|Any CPU
		{5F1EE5BD-866E-444D-9D9E-7ED84E8006AC}.Release|x86.ActiveCfg = Release|Any CPU
		{5F1EE5BD-866E-444D-9D9E-7ED84E8006AC}.Release|x86.Build.0 = Release|Any CPU
		{53489890-8F7C-49FD-B17B-444B0F637DD0}.Debug|Any CPU.ActiveCfg = Debug|Any CPU
		{53489890-8F7C-49FD-B17B-444B0F637DD0}.Debug|Any CPU.Build.0 = Debug|Any CPU
		{53489890-8F7C-49FD-B17B-444B0F637DD0}.Debug|x64.ActiveCfg = Debug|Any CPU
		{53489890-8F7C-49FD-B17B-444B0F637DD0}.Debug|x64.Build.0 = Debug|Any CPU
		{53489890-8F7C-49FD-B17B-444B0F637DD0}.Debug|x86.ActiveCfg = Debug|Any CPU
		{53489890-8F7C-49FD-B17B-444B0F637DD0}.Debug|x86.Build.0 = Debug|Any CPU
		{53489890-8F7C-49FD-B17B-444B0F637DD0}.Release|Any CPU.ActiveCfg = Release|Any CPU
		{53489890-8F7C-49FD-B17B-444B0F637DD0}.Release|Any CPU.Build.0 = Release|Any CPU
		{53489890-8F7C-49FD-B17B-444B0F637DD0}.Release|x64.ActiveCfg = Release|Any CPU
		{53489890-8F7C-49FD-B17B-444B0F637DD0}.Release|x64.Build.0 = Release|Any CPU
		{53489890-8F7C-49FD-B17B-444B0F637DD0}.Release|x86.ActiveCfg = Release|Any CPU
		{53489890-8F7C-49FD-B17B-444B0F637DD0}.Release|x86.Build.0 = Release|Any CPU
		{A922C339-47BF-4D04-B619-CAB9E162AF56}.Debug|Any CPU.ActiveCfg = Debug|Any CPU
		{A922C339-47BF-4D04-B619-CAB9E162AF56}.Debug|Any CPU.Build.0 = Debug|Any CPU
		{A922C339-47BF-4D04-B619-CAB9E162AF56}.Debug|x64.ActiveCfg = Debug|Any CPU
		{A922C339-47BF-4D04-B619-CAB9E162AF56}.Debug|x64.Build.0 = Debug|Any CPU
		{A922C339-47BF-4D04-B619-CAB9E162AF56}.Debug|x86.ActiveCfg = Debug|Any CPU
		{A922C339-47BF-4D04-B619-CAB9E162AF56}.Debug|x86.Build.0 = Debug|Any CPU
		{A922C339-47BF-4D04-B619-CAB9E162AF56}.Release|Any CPU.ActiveCfg = Release|Any CPU
		{A922C339-47BF-4D04-B619-CAB9E162AF56}.Release|Any CPU.Build.0 = Release|Any CPU
		{A922C339-47BF-4D04-B619-CAB9E162AF56}.Release|x64.ActiveCfg = Release|Any CPU
		{A922C339-47BF-4D04-B619-CAB9E162AF56}.Release|x64.Build.0 = Release|Any CPU
		{A922C339-47BF-4D04-B619-CAB9E162AF56}.Release|x86.ActiveCfg = Release|Any CPU
		{A922C339-47BF-4D04-B619-CAB9E162AF56}.Release|x86.Build.0 = Release|Any CPU
	EndGlobalSection
	GlobalSection(SolutionProperties) = preSolution
		HideSolutionNode = FALSE
	EndGlobalSection
	GlobalSection(ExtensibilityGlobals) = postSolution
		SolutionGuid = {9C3B59E8-C125-4AAF-B47E-A253B974D1F1}
	EndGlobalSection
EndGlobal
